
Microsoft Visual Studio Solution File, Format Version 12.00
# Visual Studio Version 17
VisualStudioVersion = 17.1.32319.34
MinimumVisualStudioVersion = 10.0.40219.1
Project("{9A19103F-16F7-4668-BE54-9A1E7A4F7556}") = "AspNetCore60", "AspNetCore60\AspNetCore60.csproj", "{320C2F95-0CD2-4AA6-9CFB-A5B41B841AF9}"
EndProject
Project("{FAE04EC0-301F-11D3-BF4B-00C04F79EFBC}") = "AspNetCore60.HealthCheckSupport", "AspNetCore60.HealthCheckSupport\AspNetCore60.HealthCheckSupport.csproj", "{8D29D02A-0F86-4336-B21A-B0C196A1AB11}"
EndProject
Global
	GlobalSection(SolutionConfigurationPlatforms) = preSolution
		Debug|Any CPU = Debug|Any CPU
		Release|Any CPU = Release|Any CPU
	EndGlobalSection
	GlobalSection(ProjectConfigurationPlatforms) = postSolution
		{320C2F95-0CD2-4AA6-9CFB-A5B41B841AF9}.Debug|Any CPU.ActiveCfg = Debug|Any CPU
		{320C2F95-0CD2-4AA6-9CFB-A5B41B841AF9}.Debug|Any CPU.Build.0 = Debug|Any CPU
		{320C2F95-0CD2-4AA6-9CFB-A5B41B841AF9}.Release|Any CPU.ActiveCfg = Release|Any CPU
		{320C2F95-0CD2-4AA6-9CFB-A5B41B841AF9}.Release|Any CPU.Build.0 = Release|Any CPU
		{8D29D02A-0F86-4336-B21A-B0C196A1AB11}.Debug|Any CPU.ActiveCfg = Debug|Any CPU
		{8D29D02A-0F86-4336-B21A-B0C196A1AB11}.Debug|Any CPU.Build.0 = Debug|Any CPU
		{8D29D02A-0F86-4336-B21A-B0C196A1AB11}.Release|Any CPU.ActiveCfg = Release|Any CPU
		{8D29D02A-0F86-4336-B21A-B0C196A1AB11}.Release|Any CPU.Build.0 = Release|Any CPU
	EndGlobalSection
	GlobalSection(SolutionProperties) = preSolution
		HideSolutionNode = FALSE
	EndGlobalSection
	GlobalSection(ExtensibilityGlobals) = postSolution
		SolutionGuid = {A42C20D9-9D60-4C3F-B84B-2F5C18155403}
	EndGlobalSection
EndGlobal
