
Microsoft Visual Studio Solution File, Format Version 12.00
# Visual Studio Version 17
VisualStudioVersion = 17.0.32112.339
MinimumVisualStudioVersion = 10.0.40219.1
Project("{9A19103F-16F7-4668-BE54-9A1E7A4F7556}") = "ClassLibrary", "src\LinuxBuild\ClassLibrary\ClassLibrary.csproj", "{3602FB28-E2E7-44AC-8D00-64BB7635143F}"
EndProject
Project("{9A19103F-16F7-4668-BE54-9A1E7A4F7556}") = "ConsoleApp", "src\LinuxBuild\ConsoleApp\ConsoleApp.csproj", "{D62013C0-7296-46E1-8D25-77486DFBC7C1}"
EndProject
Project("{9A19103F-16F7-4668-BE54-9A1E7A4F7556}") = "GrpcService", "src\LinuxBuild\GrpcService\GrpcService.csproj", "{E6C221E0-ADED-4788-8E68-4AE484FC6929}"
EndProject
Project("{9A19103F-16F7-4668-BE54-9A1E7A4F7556}") = "BlazorServerApp", "src\LinuxBuild\BlazorServerApp\BlazorServerApp.csproj", "{3347C16D-0B56-4BE8-8504-2F4AF3A56B23}"
EndProject
Project("{9A19103F-16F7-4668-BE54-9A1E7A4F7556}") = "BlazorWasmApp", "src\LinuxBuild\BlazorWasmApp\BlazorWasmApp.csproj", "{F833782D-0F46-4E0D-B19D-CCFEAA1C9A74}"
EndProject
Project("{9A19103F-16F7-4668-BE54-9A1E7A4F7556}") = "ClassLibrary.Windows", "src\LinuxBuild\ClassLibrary.Windows\ClassLibrary.Windows.csproj", "{AB660190-6A23-4DC2-9F29-E1AB9B72494E}"
EndProject
Project("{2150E333-8FDC-42A3-9474-1A3956D46DE8}") = "LinuxBuild", "LinuxBuild", "{6FE650EA-B401-4C83-9C41-FD7FC5D1288C}"
EndProject
Project("{2150E333-8FDC-42A3-9474-1A3956D46DE8}") = "Grpc", "Grpc", "{BA8C7910-6742-43BC-88A1-1D3644E1D783}"
EndProject
Project("{9A19103F-16F7-4668-BE54-9A1E7A4F7556}") = "GrpcAspNetCore60", "src\Grpc\GrpcAspNetCore60\GrpcAspNetCore60.csproj", "{D9C628DE-DD10-4477-A9FB-9C498E50B88C}"
EndProject
Project("{9A19103F-16F7-4668-BE54-9A1E7A4F7556}") = "GrpcAspNetCore60.HealthCheckSupport", "src\Grpc\GrpcAspNetCore60.HealthCheckSupport\GrpcAspNetCore60.HealthCheckSupport.csproj", "{BEF93842-11A4-45B9-B777-A3D92D9964B7}"
EndProject
Project("{2150E333-8FDC-42A3-9474-1A3956D46DE8}") = "Blazor", "Blazor", "{E7D66DF3-820D-4B2B-A7E3-18433D82C161}"
EndProject
Project("{9A19103F-16F7-4668-BE54-9A1E7A4F7556}") = "BlazorServerApp", "src\Blazor\BlazorServerApp\BlazorServerApp.csproj", "{23F8CABA-E5FE-4233-85AF-F52BA2FCF4AF}"
EndProject
Project("{9A19103F-16F7-4668-BE54-9A1E7A4F7556}") = "BlazorWasmAotApp", "src\Blazor\BlazorWasmAotApp\BlazorWasmAotApp.csproj", "{7178E068-BB3F-4F9F-8AD5-87B5367AC7FD}"
EndProject
Project("{9A19103F-16F7-4668-BE54-9A1E7A4F7556}") = "BlazorServerIPBlockApp", "src\Blazor\BlazorServerIPBlockApp\BlazorServerIPBlockApp.csproj", "{6BB151DE-0AD2-464C-A6AF-8793172EA1BE}"
EndProject
Project("{2150E333-8FDC-42A3-9474-1A3956D46DE8}") = "Logger", "Logger", "{A60DE0A8-D3F7-4BCF-B5C6-A59D03E99151}"
EndProject
Project("{9A19103F-16F7-4668-BE54-9A1E7A4F7556}") = "LoggerBlazorApp", "src\Logger\LoggerBlazorApp\LoggerBlazorApp.csproj", "{3923ECD1-E9A3-4181-8383-CEE42086FFB9}"
EndProject
Project("{2150E333-8FDC-42A3-9474-1A3956D46DE8}") = "Logic", "Logic", "{0778B89C-4D53-468D-AB7A-C05D04238C05}"
EndProject
Project("{2150E333-8FDC-42A3-9474-1A3956D46DE8}") = "SourceGenerator", "SourceGenerator", "{01137DDA-726D-4ACF-B2D1-9363A369288D}"
EndProject
Project("{9A19103F-16F7-4668-BE54-9A1E7A4F7556}") = "SourceGeneratorBasic", "src\SourceGenerator\SourceGeneratorBasic\SourceGeneratorBasic.csproj", "{0883FA56-3FA0-4165-B309-F6E3D6477355}"
EndProject
Project("{2150E333-8FDC-42A3-9474-1A3956D46DE8}") = "Api", "Api", "{28CE7184-F1DE-44AE-922F-965FC3AA1768}"
EndProject
Project("{9A19103F-16F7-4668-BE54-9A1E7A4F7556}") = "ApiMultiplePort", "src\Api\ApiMultiplePort\ApiMultiplePort.csproj", "{CA7B2C05-D07A-47DE-8A03-523A38FA4BB2}"
EndProject
Project("{9A19103F-16F7-4668-BE54-9A1E7A4F7556}") = "GrpcApiService", "src\Grpc\GrpcApiService\GrpcApiService.csproj", "{A2DF5486-1CA6-4077-A96F-436D6014B88C}"
EndProject
Project("{9A19103F-16F7-4668-BE54-9A1E7A4F7556}") = "SourceGeneratorBasic.ConsoleApp", "src\SourceGenerator\SourceGeneratorBasic.ConsoleApp\SourceGeneratorBasic.ConsoleApp.csproj", "{CCF7D2AA-BC99-4340-AFF9-C272277E6BB6}"
EndProject
Project("{9A19103F-16F7-4668-BE54-9A1E7A4F7556}") = "SourceGeneratorBasic.UnitTests", "src\SourceGenerator\SourceGeneratorBasic.UnitTests\SourceGeneratorBasic.UnitTests.csproj", "{BA10F78C-FBD1-4FFE-AC97-FAE82939D2D4}"
EndProject
Project("{2150E333-8FDC-42A3-9474-1A3956D46DE8}") = "_SolutionItems", "_SolutionItems", "{8107F6D9-86E5-4B25-B00F-F50FE22614CA}"
	ProjectSection(SolutionItems) = preProject
		.editorconfig = .editorconfig
		.github\workflows\benchmarker.yaml = .github\workflows\benchmarker.yaml
		.github\workflows\build-docker.yaml = .github\workflows\build-docker.yaml
		.github\workflows\build-dotnet.yaml = .github\workflows\build-dotnet.yaml
		.github\workflows\dotnet-lint.yaml = .github\workflows\dotnet-lint.yaml
		src\Nuget.Analyzer.props = src\Nuget.Analyzer.props
	EndProjectSection
EndProject
Project("{9A19103F-16F7-4668-BE54-9A1E7A4F7556}") = "GrpcApiServiceClient", "src\Grpc\GrpcApiServiceClient\GrpcApiServiceClient.csproj", "{634FD24A-6E31-4DDC-A5E2-0ECF58B0B238}"
EndProject
Project("{9A19103F-16F7-4668-BE54-9A1E7A4F7556}") = "LoggerWorker", "src\Logger\LoggerWorker\LoggerWorker.csproj", "{57E1E75E-B82A-4567-AE96-D013746DDC73}"
EndProject
Project("{9A19103F-16F7-4668-BE54-9A1E7A4F7556}") = "LoggerDefault", "src\Logger\LoggerDefault\LoggerDefault.csproj", "{A2549C00-E9E0-4776-9C9B-DFFD31DB3044}"
EndProject
Project("{2150E333-8FDC-42A3-9474-1A3956D46DE8}") = "Database", "Database", "{E2EDF09C-4CA8-4B68-9461-4B1FF0092243}"
EndProject
Project("{9A19103F-16F7-4668-BE54-9A1E7A4F7556}") = "DatabaseMySqlEf", "src\Database\DatabaseMySqlEf\DatabaseMySqlEf.csproj", "{F2314E9A-17DA-4452-9DE2-BD52BCE3926B}"
EndProject
Project("{9A19103F-16F7-4668-BE54-9A1E7A4F7556}") = "DatabaseCore", "src\Database\DatabaseCore\DatabaseCore.csproj", "{67B86B73-25C3-48C3-8B42-20AA5921C6DA}"
EndProject
Project("{9A19103F-16F7-4668-BE54-9A1E7A4F7556}") = "DatabasePostgresqlEf", "src\Database\DatabasePostgresqlEf\DatabasePostgresqlEf.csproj", "{0B0E2000-FCB8-46A4-B6B7-B8A75EF38B9F}"
EndProject
Project("{9A19103F-16F7-4668-BE54-9A1E7A4F7556}") = "DatabaseSqliteEf", "src\Database\DatabaseSqliteEF\DatabaseSqliteEf.csproj", "{410378AA-0616-4047-8A60-B514429F855E}"
EndProject
Project("{9A19103F-16F7-4668-BE54-9A1E7A4F7556}") = "DatabaseSqliteInmemoryEF", "src\Database\DatabaseSqliteInmemoryEF\DatabaseSqliteInmemoryEF.csproj", "{08408826-4964-4324-8E6B-99E4280D9AA4}"
EndProject
Project("{2150E333-8FDC-42A3-9474-1A3956D46DE8}") = "Threads", "Threads", "{CD4C50BE-ADE6-4F81-BC14-805278D7ACAC}"
EndProject
Project("{9A19103F-16F7-4668-BE54-9A1E7A4F7556}") = "ThreadsPoolConsoleApp", "src\Threads\ThreadsPoolConsoleApp\ThreadsPoolConsoleApp.csproj", "{2F969A40-E905-47CE-BE0E-50135B394E24}"
EndProject
Project("{9A19103F-16F7-4668-BE54-9A1E7A4F7556}") = "WpfApp", "src\LinuxBuild\WpfApp\WpfApp.csproj", "{FF67F2C9-97AA-48E9-ADF8-369B931A58F3}"
EndProject
Project("{9A19103F-16F7-4668-BE54-9A1E7A4F7556}") = "WpfLibrary", "src\LinuxBuild\WpfLibrary\WpfLibrary.csproj", "{72D5F61E-6633-4C69-9924-D42A60149194}"
EndProject
Project("{2150E333-8FDC-42A3-9474-1A3956D46DE8}") = "Redis", "Redis", "{3910F58C-6DEB-4C30-8B10-B9DA74B58225}"
EndProject
Project("{9A19103F-16F7-4668-BE54-9A1E7A4F7556}") = "RedisConnectTester", "src\Redis\RedisConnectTester\RedisConnectTester.csproj", "{54022F3F-FDE2-4852-859E-7923BC96086C}"
EndProject
Project("{9A19103F-16F7-4668-BE54-9A1E7A4F7556}") = "Logic.Core", "src\Logic\Logic.Core\Logic.Core.csproj", "{A7DD74A3-ADE4-4A9E-BA2A-8916294697FF}"
EndProject
Project("{9A19103F-16F7-4668-BE54-9A1E7A4F7556}") = "Logic.Benchmark", "src\Logic\Logic.Benchmark\Logic.Benchmark.csproj", "{78FD41B2-26B5-4A9E-A492-FB58E8583842}"
EndProject
Project("{9A19103F-16F7-4668-BE54-9A1E7A4F7556}") = "Logic.Tests", "src\Logic\Logic.Tests\Logic.Tests.csproj", "{443680F6-148A-47C5-9AB8-6E1AC6E54D22}"
EndProject
Project("{9A19103F-16F7-4668-BE54-9A1E7A4F7556}") = "Logger.Benchmark", "src\Logger\Logger.Benchmark\Logger.Benchmark.csproj", "{74016C58-4AC6-4374-B866-C53E5A094CCB}"
EndProject
Project("{9A19103F-16F7-4668-BE54-9A1E7A4F7556}") = "Logic.SandboxConsoleApp", "src\Logic\Logic.SandboxConsoleApp\Logic.SandboxConsoleApp.csproj", "{90263CE2-B9AF-42B9-9874-4665CBB09817}"
EndProject
Project("{2150E333-8FDC-42A3-9474-1A3956D46DE8}") = "MemoryLeak", "MemoryLeak", "{EFFE7670-AD3D-4CE5-9407-397CB134899A}"
EndProject
Project("{9A19103F-16F7-4668-BE54-9A1E7A4F7556}") = "MemoryLeak.Core", "src\MemoryLeak\MemoryLeak.Core\MemoryLeak.Core.csproj", "{56CABF42-272C-49FD-821C-ECA39855BE93}"
EndProject
Project("{9A19103F-16F7-4668-BE54-9A1E7A4F7556}") = "MemoryLeakApi", "src\MemoryLeak\MemoryLeakApi\MemoryLeakApi.csproj", "{FA98EC1C-1D70-43F3-B2FF-AFED8F33BA6E}"
EndProject
Project("{9A19103F-16F7-4668-BE54-9A1E7A4F7556}") = "MemoryLeak.Benchmark", "src\MemoryLeak\MemoryLeak.Benchmark\MemoryLeak.Benchmark.csproj", "{85505632-4B91-419B-A6D2-4DC3E83718C8}"
EndProject
Project("{9A19103F-16F7-4668-BE54-9A1E7A4F7556}") = "LoggerHttpApi", "src\Logger\LoggerHttpApi\LoggerHttpApi.csproj", "{1BFA1BE0-4821-489E-8EDA-EAE18B7D6DD7}"
EndProject
Global
	GlobalSection(SolutionConfigurationPlatforms) = preSolution
		Debug|Any CPU = Debug|Any CPU
		Release|Any CPU = Release|Any CPU
	EndGlobalSection
	GlobalSection(ProjectConfigurationPlatforms) = postSolution
		{3602FB28-E2E7-44AC-8D00-64BB7635143F}.Debug|Any CPU.ActiveCfg = Debug|Any CPU
		{3602FB28-E2E7-44AC-8D00-64BB7635143F}.Debug|Any CPU.Build.0 = Debug|Any CPU
		{3602FB28-E2E7-44AC-8D00-64BB7635143F}.Release|Any CPU.ActiveCfg = Release|Any CPU
		{3602FB28-E2E7-44AC-8D00-64BB7635143F}.Release|Any CPU.Build.0 = Release|Any CPU
		{D62013C0-7296-46E1-8D25-77486DFBC7C1}.Debug|Any CPU.ActiveCfg = Debug|Any CPU
		{D62013C0-7296-46E1-8D25-77486DFBC7C1}.Debug|Any CPU.Build.0 = Debug|Any CPU
		{D62013C0-7296-46E1-8D25-77486DFBC7C1}.Release|Any CPU.ActiveCfg = Release|Any CPU
		{D62013C0-7296-46E1-8D25-77486DFBC7C1}.Release|Any CPU.Build.0 = Release|Any CPU
		{E6C221E0-ADED-4788-8E68-4AE484FC6929}.Debug|Any CPU.ActiveCfg = Debug|Any CPU
		{E6C221E0-ADED-4788-8E68-4AE484FC6929}.Debug|Any CPU.Build.0 = Debug|Any CPU
		{E6C221E0-ADED-4788-8E68-4AE484FC6929}.Release|Any CPU.ActiveCfg = Release|Any CPU
		{E6C221E0-ADED-4788-8E68-4AE484FC6929}.Release|Any CPU.Build.0 = Release|Any CPU
		{3347C16D-0B56-4BE8-8504-2F4AF3A56B23}.Debug|Any CPU.ActiveCfg = Debug|Any CPU
		{3347C16D-0B56-4BE8-8504-2F4AF3A56B23}.Debug|Any CPU.Build.0 = Debug|Any CPU
		{3347C16D-0B56-4BE8-8504-2F4AF3A56B23}.Release|Any CPU.ActiveCfg = Release|Any CPU
		{3347C16D-0B56-4BE8-8504-2F4AF3A56B23}.Release|Any CPU.Build.0 = Release|Any CPU
		{F833782D-0F46-4E0D-B19D-CCFEAA1C9A74}.Debug|Any CPU.ActiveCfg = Debug|Any CPU
		{F833782D-0F46-4E0D-B19D-CCFEAA1C9A74}.Debug|Any CPU.Build.0 = Debug|Any CPU
		{F833782D-0F46-4E0D-B19D-CCFEAA1C9A74}.Release|Any CPU.ActiveCfg = Release|Any CPU
		{F833782D-0F46-4E0D-B19D-CCFEAA1C9A74}.Release|Any CPU.Build.0 = Release|Any CPU
		{AB660190-6A23-4DC2-9F29-E1AB9B72494E}.Debug|Any CPU.ActiveCfg = Debug|Any CPU
		{AB660190-6A23-4DC2-9F29-E1AB9B72494E}.Debug|Any CPU.Build.0 = Debug|Any CPU
		{AB660190-6A23-4DC2-9F29-E1AB9B72494E}.Release|Any CPU.ActiveCfg = Release|Any CPU
		{AB660190-6A23-4DC2-9F29-E1AB9B72494E}.Release|Any CPU.Build.0 = Release|Any CPU
		{D9C628DE-DD10-4477-A9FB-9C498E50B88C}.Debug|Any CPU.ActiveCfg = Debug|Any CPU
		{D9C628DE-DD10-4477-A9FB-9C498E50B88C}.Debug|Any CPU.Build.0 = Debug|Any CPU
		{D9C628DE-DD10-4477-A9FB-9C498E50B88C}.Release|Any CPU.ActiveCfg = Release|Any CPU
		{D9C628DE-DD10-4477-A9FB-9C498E50B88C}.Release|Any CPU.Build.0 = Release|Any CPU
		{BEF93842-11A4-45B9-B777-A3D92D9964B7}.Debug|Any CPU.ActiveCfg = Debug|Any CPU
		{BEF93842-11A4-45B9-B777-A3D92D9964B7}.Debug|Any CPU.Build.0 = Debug|Any CPU
		{BEF93842-11A4-45B9-B777-A3D92D9964B7}.Release|Any CPU.ActiveCfg = Release|Any CPU
		{BEF93842-11A4-45B9-B777-A3D92D9964B7}.Release|Any CPU.Build.0 = Release|Any CPU
		{23F8CABA-E5FE-4233-85AF-F52BA2FCF4AF}.Debug|Any CPU.ActiveCfg = Debug|Any CPU
		{23F8CABA-E5FE-4233-85AF-F52BA2FCF4AF}.Debug|Any CPU.Build.0 = Debug|Any CPU
		{23F8CABA-E5FE-4233-85AF-F52BA2FCF4AF}.Release|Any CPU.ActiveCfg = Release|Any CPU
		{23F8CABA-E5FE-4233-85AF-F52BA2FCF4AF}.Release|Any CPU.Build.0 = Release|Any CPU
		{7178E068-BB3F-4F9F-8AD5-87B5367AC7FD}.Debug|Any CPU.ActiveCfg = Debug|Any CPU
		{7178E068-BB3F-4F9F-8AD5-87B5367AC7FD}.Debug|Any CPU.Build.0 = Debug|Any CPU
		{7178E068-BB3F-4F9F-8AD5-87B5367AC7FD}.Release|Any CPU.ActiveCfg = Release|Any CPU
		{7178E068-BB3F-4F9F-8AD5-87B5367AC7FD}.Release|Any CPU.Build.0 = Release|Any CPU
		{6BB151DE-0AD2-464C-A6AF-8793172EA1BE}.Debug|Any CPU.ActiveCfg = Debug|Any CPU
		{6BB151DE-0AD2-464C-A6AF-8793172EA1BE}.Debug|Any CPU.Build.0 = Debug|Any CPU
		{6BB151DE-0AD2-464C-A6AF-8793172EA1BE}.Release|Any CPU.ActiveCfg = Release|Any CPU
		{6BB151DE-0AD2-464C-A6AF-8793172EA1BE}.Release|Any CPU.Build.0 = Release|Any CPU
		{3923ECD1-E9A3-4181-8383-CEE42086FFB9}.Debug|Any CPU.ActiveCfg = Debug|Any CPU
		{3923ECD1-E9A3-4181-8383-CEE42086FFB9}.Debug|Any CPU.Build.0 = Debug|Any CPU
		{3923ECD1-E9A3-4181-8383-CEE42086FFB9}.Release|Any CPU.ActiveCfg = Release|Any CPU
		{3923ECD1-E9A3-4181-8383-CEE42086FFB9}.Release|Any CPU.Build.0 = Release|Any CPU
		{0883FA56-3FA0-4165-B309-F6E3D6477355}.Debug|Any CPU.ActiveCfg = Debug|Any CPU
		{0883FA56-3FA0-4165-B309-F6E3D6477355}.Debug|Any CPU.Build.0 = Debug|Any CPU
		{0883FA56-3FA0-4165-B309-F6E3D6477355}.Release|Any CPU.ActiveCfg = Release|Any CPU
		{0883FA56-3FA0-4165-B309-F6E3D6477355}.Release|Any CPU.Build.0 = Release|Any CPU
		{CA7B2C05-D07A-47DE-8A03-523A38FA4BB2}.Debug|Any CPU.ActiveCfg = Debug|Any CPU
		{CA7B2C05-D07A-47DE-8A03-523A38FA4BB2}.Debug|Any CPU.Build.0 = Debug|Any CPU
		{CA7B2C05-D07A-47DE-8A03-523A38FA4BB2}.Release|Any CPU.ActiveCfg = Release|Any CPU
		{CA7B2C05-D07A-47DE-8A03-523A38FA4BB2}.Release|Any CPU.Build.0 = Release|Any CPU
		{A2DF5486-1CA6-4077-A96F-436D6014B88C}.Debug|Any CPU.ActiveCfg = Debug|Any CPU
		{A2DF5486-1CA6-4077-A96F-436D6014B88C}.Debug|Any CPU.Build.0 = Debug|Any CPU
		{A2DF5486-1CA6-4077-A96F-436D6014B88C}.Release|Any CPU.ActiveCfg = Release|Any CPU
		{A2DF5486-1CA6-4077-A96F-436D6014B88C}.Release|Any CPU.Build.0 = Release|Any CPU
		{CCF7D2AA-BC99-4340-AFF9-C272277E6BB6}.Debug|Any CPU.ActiveCfg = Debug|Any CPU
		{CCF7D2AA-BC99-4340-AFF9-C272277E6BB6}.Debug|Any CPU.Build.0 = Debug|Any CPU
		{CCF7D2AA-BC99-4340-AFF9-C272277E6BB6}.Release|Any CPU.ActiveCfg = Release|Any CPU
		{CCF7D2AA-BC99-4340-AFF9-C272277E6BB6}.Release|Any CPU.Build.0 = Release|Any CPU
		{BA10F78C-FBD1-4FFE-AC97-FAE82939D2D4}.Debug|Any CPU.ActiveCfg = Debug|Any CPU
		{BA10F78C-FBD1-4FFE-AC97-FAE82939D2D4}.Debug|Any CPU.Build.0 = Debug|Any CPU
		{BA10F78C-FBD1-4FFE-AC97-FAE82939D2D4}.Release|Any CPU.ActiveCfg = Release|Any CPU
		{BA10F78C-FBD1-4FFE-AC97-FAE82939D2D4}.Release|Any CPU.Build.0 = Release|Any CPU
		{634FD24A-6E31-4DDC-A5E2-0ECF58B0B238}.Debug|Any CPU.ActiveCfg = Debug|Any CPU
		{634FD24A-6E31-4DDC-A5E2-0ECF58B0B238}.Debug|Any CPU.Build.0 = Debug|Any CPU
		{634FD24A-6E31-4DDC-A5E2-0ECF58B0B238}.Release|Any CPU.ActiveCfg = Release|Any CPU
		{634FD24A-6E31-4DDC-A5E2-0ECF58B0B238}.Release|Any CPU.Build.0 = Release|Any CPU
		{57E1E75E-B82A-4567-AE96-D013746DDC73}.Debug|Any CPU.ActiveCfg = Debug|Any CPU
		{57E1E75E-B82A-4567-AE96-D013746DDC73}.Debug|Any CPU.Build.0 = Debug|Any CPU
		{57E1E75E-B82A-4567-AE96-D013746DDC73}.Release|Any CPU.ActiveCfg = Release|Any CPU
		{57E1E75E-B82A-4567-AE96-D013746DDC73}.Release|Any CPU.Build.0 = Release|Any CPU
		{A2549C00-E9E0-4776-9C9B-DFFD31DB3044}.Debug|Any CPU.ActiveCfg = Debug|Any CPU
		{A2549C00-E9E0-4776-9C9B-DFFD31DB3044}.Debug|Any CPU.Build.0 = Debug|Any CPU
		{A2549C00-E9E0-4776-9C9B-DFFD31DB3044}.Release|Any CPU.ActiveCfg = Release|Any CPU
		{A2549C00-E9E0-4776-9C9B-DFFD31DB3044}.Release|Any CPU.Build.0 = Release|Any CPU
		{F2314E9A-17DA-4452-9DE2-BD52BCE3926B}.Debug|Any CPU.ActiveCfg = Debug|Any CPU
		{F2314E9A-17DA-4452-9DE2-BD52BCE3926B}.Debug|Any CPU.Build.0 = Debug|Any CPU
		{F2314E9A-17DA-4452-9DE2-BD52BCE3926B}.Release|Any CPU.ActiveCfg = Release|Any CPU
		{F2314E9A-17DA-4452-9DE2-BD52BCE3926B}.Release|Any CPU.Build.0 = Release|Any CPU
		{67B86B73-25C3-48C3-8B42-20AA5921C6DA}.Debug|Any CPU.ActiveCfg = Debug|Any CPU
		{67B86B73-25C3-48C3-8B42-20AA5921C6DA}.Debug|Any CPU.Build.0 = Debug|Any CPU
		{67B86B73-25C3-48C3-8B42-20AA5921C6DA}.Release|Any CPU.ActiveCfg = Release|Any CPU
		{67B86B73-25C3-48C3-8B42-20AA5921C6DA}.Release|Any CPU.Build.0 = Release|Any CPU
		{0B0E2000-FCB8-46A4-B6B7-B8A75EF38B9F}.Debug|Any CPU.ActiveCfg = Debug|Any CPU
		{0B0E2000-FCB8-46A4-B6B7-B8A75EF38B9F}.Debug|Any CPU.Build.0 = Debug|Any CPU
		{0B0E2000-FCB8-46A4-B6B7-B8A75EF38B9F}.Release|Any CPU.ActiveCfg = Release|Any CPU
		{0B0E2000-FCB8-46A4-B6B7-B8A75EF38B9F}.Release|Any CPU.Build.0 = Release|Any CPU
		{410378AA-0616-4047-8A60-B514429F855E}.Debug|Any CPU.ActiveCfg = Debug|Any CPU
		{410378AA-0616-4047-8A60-B514429F855E}.Debug|Any CPU.Build.0 = Debug|Any CPU
		{410378AA-0616-4047-8A60-B514429F855E}.Release|Any CPU.ActiveCfg = Release|Any CPU
		{410378AA-0616-4047-8A60-B514429F855E}.Release|Any CPU.Build.0 = Release|Any CPU
		{08408826-4964-4324-8E6B-99E4280D9AA4}.Debug|Any CPU.ActiveCfg = Debug|Any CPU
		{08408826-4964-4324-8E6B-99E4280D9AA4}.Debug|Any CPU.Build.0 = Debug|Any CPU
		{08408826-4964-4324-8E6B-99E4280D9AA4}.Release|Any CPU.ActiveCfg = Release|Any CPU
		{08408826-4964-4324-8E6B-99E4280D9AA4}.Release|Any CPU.Build.0 = Release|Any CPU
		{2F969A40-E905-47CE-BE0E-50135B394E24}.Debug|Any CPU.ActiveCfg = Debug|Any CPU
		{2F969A40-E905-47CE-BE0E-50135B394E24}.Debug|Any CPU.Build.0 = Debug|Any CPU
		{2F969A40-E905-47CE-BE0E-50135B394E24}.Release|Any CPU.ActiveCfg = Release|Any CPU
		{2F969A40-E905-47CE-BE0E-50135B394E24}.Release|Any CPU.Build.0 = Release|Any CPU
		{FF67F2C9-97AA-48E9-ADF8-369B931A58F3}.Debug|Any CPU.ActiveCfg = Debug|Any CPU
		{FF67F2C9-97AA-48E9-ADF8-369B931A58F3}.Debug|Any CPU.Build.0 = Debug|Any CPU
		{FF67F2C9-97AA-48E9-ADF8-369B931A58F3}.Release|Any CPU.ActiveCfg = Release|Any CPU
		{FF67F2C9-97AA-48E9-ADF8-369B931A58F3}.Release|Any CPU.Build.0 = Release|Any CPU
		{72D5F61E-6633-4C69-9924-D42A60149194}.Debug|Any CPU.ActiveCfg = Debug|Any CPU
		{72D5F61E-6633-4C69-9924-D42A60149194}.Debug|Any CPU.Build.0 = Debug|Any CPU
		{72D5F61E-6633-4C69-9924-D42A60149194}.Release|Any CPU.ActiveCfg = Release|Any CPU
		{72D5F61E-6633-4C69-9924-D42A60149194}.Release|Any CPU.Build.0 = Release|Any CPU
		{54022F3F-FDE2-4852-859E-7923BC96086C}.Debug|Any CPU.ActiveCfg = Debug|Any CPU
		{54022F3F-FDE2-4852-859E-7923BC96086C}.Debug|Any CPU.Build.0 = Debug|Any CPU
		{54022F3F-FDE2-4852-859E-7923BC96086C}.Release|Any CPU.ActiveCfg = Release|Any CPU
		{54022F3F-FDE2-4852-859E-7923BC96086C}.Release|Any CPU.Build.0 = Release|Any CPU
		{A7DD74A3-ADE4-4A9E-BA2A-8916294697FF}.Debug|Any CPU.ActiveCfg = Debug|Any CPU
		{A7DD74A3-ADE4-4A9E-BA2A-8916294697FF}.Debug|Any CPU.Build.0 = Debug|Any CPU
		{A7DD74A3-ADE4-4A9E-BA2A-8916294697FF}.Release|Any CPU.ActiveCfg = Release|Any CPU
		{A7DD74A3-ADE4-4A9E-BA2A-8916294697FF}.Release|Any CPU.Build.0 = Release|Any CPU
		{78FD41B2-26B5-4A9E-A492-FB58E8583842}.Debug|Any CPU.ActiveCfg = Debug|Any CPU
		{78FD41B2-26B5-4A9E-A492-FB58E8583842}.Debug|Any CPU.Build.0 = Debug|Any CPU
		{78FD41B2-26B5-4A9E-A492-FB58E8583842}.Release|Any CPU.ActiveCfg = Release|Any CPU
		{78FD41B2-26B5-4A9E-A492-FB58E8583842}.Release|Any CPU.Build.0 = Release|Any CPU
		{443680F6-148A-47C5-9AB8-6E1AC6E54D22}.Debug|Any CPU.ActiveCfg = Debug|Any CPU
		{443680F6-148A-47C5-9AB8-6E1AC6E54D22}.Debug|Any CPU.Build.0 = Debug|Any CPU
		{443680F6-148A-47C5-9AB8-6E1AC6E54D22}.Release|Any CPU.ActiveCfg = Release|Any CPU
		{443680F6-148A-47C5-9AB8-6E1AC6E54D22}.Release|Any CPU.Build.0 = Release|Any CPU
		{74016C58-4AC6-4374-B866-C53E5A094CCB}.Debug|Any CPU.ActiveCfg = Debug|Any CPU
		{74016C58-4AC6-4374-B866-C53E5A094CCB}.Debug|Any CPU.Build.0 = Debug|Any CPU
		{74016C58-4AC6-4374-B866-C53E5A094CCB}.Release|Any CPU.ActiveCfg = Release|Any CPU
		{74016C58-4AC6-4374-B866-C53E5A094CCB}.Release|Any CPU.Build.0 = Release|Any CPU
		{90263CE2-B9AF-42B9-9874-4665CBB09817}.Debug|Any CPU.ActiveCfg = Debug|Any CPU
		{90263CE2-B9AF-42B9-9874-4665CBB09817}.Debug|Any CPU.Build.0 = Debug|Any CPU
		{90263CE2-B9AF-42B9-9874-4665CBB09817}.Release|Any CPU.ActiveCfg = Release|Any CPU
		{90263CE2-B9AF-42B9-9874-4665CBB09817}.Release|Any CPU.Build.0 = Release|Any CPU
		{56CABF42-272C-49FD-821C-ECA39855BE93}.Debug|Any CPU.ActiveCfg = Debug|Any CPU
		{56CABF42-272C-49FD-821C-ECA39855BE93}.Debug|Any CPU.Build.0 = Debug|Any CPU
		{56CABF42-272C-49FD-821C-ECA39855BE93}.Release|Any CPU.ActiveCfg = Release|Any CPU
		{56CABF42-272C-49FD-821C-ECA39855BE93}.Release|Any CPU.Build.0 = Release|Any CPU
		{FA98EC1C-1D70-43F3-B2FF-AFED8F33BA6E}.Debug|Any CPU.ActiveCfg = Debug|Any CPU
		{FA98EC1C-1D70-43F3-B2FF-AFED8F33BA6E}.Debug|Any CPU.Build.0 = Debug|Any CPU
		{FA98EC1C-1D70-43F3-B2FF-AFED8F33BA6E}.Release|Any CPU.ActiveCfg = Release|Any CPU
		{FA98EC1C-1D70-43F3-B2FF-AFED8F33BA6E}.Release|Any CPU.Build.0 = Release|Any CPU
		{85505632-4B91-419B-A6D2-4DC3E83718C8}.Debug|Any CPU.ActiveCfg = Debug|Any CPU
		{85505632-4B91-419B-A6D2-4DC3E83718C8}.Debug|Any CPU.Build.0 = Debug|Any CPU
		{85505632-4B91-419B-A6D2-4DC3E83718C8}.Release|Any CPU.ActiveCfg = Release|Any CPU
		{85505632-4B91-419B-A6D2-4DC3E83718C8}.Release|Any CPU.Build.0 = Release|Any CPU
		{1BFA1BE0-4821-489E-8EDA-EAE18B7D6DD7}.Debug|Any CPU.ActiveCfg = Debug|Any CPU
		{1BFA1BE0-4821-489E-8EDA-EAE18B7D6DD7}.Debug|Any CPU.Build.0 = Debug|Any CPU
		{1BFA1BE0-4821-489E-8EDA-EAE18B7D6DD7}.Release|Any CPU.ActiveCfg = Release|Any CPU
		{1BFA1BE0-4821-489E-8EDA-EAE18B7D6DD7}.Release|Any CPU.Build.0 = Release|Any CPU
	EndGlobalSection
	GlobalSection(SolutionProperties) = preSolution
		HideSolutionNode = FALSE
	EndGlobalSection
	GlobalSection(NestedProjects) = preSolution
		{3602FB28-E2E7-44AC-8D00-64BB7635143F} = {6FE650EA-B401-4C83-9C41-FD7FC5D1288C}
		{D62013C0-7296-46E1-8D25-77486DFBC7C1} = {6FE650EA-B401-4C83-9C41-FD7FC5D1288C}
		{E6C221E0-ADED-4788-8E68-4AE484FC6929} = {6FE650EA-B401-4C83-9C41-FD7FC5D1288C}
		{3347C16D-0B56-4BE8-8504-2F4AF3A56B23} = {6FE650EA-B401-4C83-9C41-FD7FC5D1288C}
		{F833782D-0F46-4E0D-B19D-CCFEAA1C9A74} = {6FE650EA-B401-4C83-9C41-FD7FC5D1288C}
		{AB660190-6A23-4DC2-9F29-E1AB9B72494E} = {6FE650EA-B401-4C83-9C41-FD7FC5D1288C}
		{D9C628DE-DD10-4477-A9FB-9C498E50B88C} = {BA8C7910-6742-43BC-88A1-1D3644E1D783}
		{BEF93842-11A4-45B9-B777-A3D92D9964B7} = {BA8C7910-6742-43BC-88A1-1D3644E1D783}
		{23F8CABA-E5FE-4233-85AF-F52BA2FCF4AF} = {E7D66DF3-820D-4B2B-A7E3-18433D82C161}
		{7178E068-BB3F-4F9F-8AD5-87B5367AC7FD} = {E7D66DF3-820D-4B2B-A7E3-18433D82C161}
		{6BB151DE-0AD2-464C-A6AF-8793172EA1BE} = {E7D66DF3-820D-4B2B-A7E3-18433D82C161}
		{3923ECD1-E9A3-4181-8383-CEE42086FFB9} = {A60DE0A8-D3F7-4BCF-B5C6-A59D03E99151}
		{0883FA56-3FA0-4165-B309-F6E3D6477355} = {01137DDA-726D-4ACF-B2D1-9363A369288D}
		{CA7B2C05-D07A-47DE-8A03-523A38FA4BB2} = {28CE7184-F1DE-44AE-922F-965FC3AA1768}
		{A2DF5486-1CA6-4077-A96F-436D6014B88C} = {BA8C7910-6742-43BC-88A1-1D3644E1D783}
		{CCF7D2AA-BC99-4340-AFF9-C272277E6BB6} = {01137DDA-726D-4ACF-B2D1-9363A369288D}
		{BA10F78C-FBD1-4FFE-AC97-FAE82939D2D4} = {01137DDA-726D-4ACF-B2D1-9363A369288D}
		{634FD24A-6E31-4DDC-A5E2-0ECF58B0B238} = {BA8C7910-6742-43BC-88A1-1D3644E1D783}
		{57E1E75E-B82A-4567-AE96-D013746DDC73} = {A60DE0A8-D3F7-4BCF-B5C6-A59D03E99151}
		{A2549C00-E9E0-4776-9C9B-DFFD31DB3044} = {A60DE0A8-D3F7-4BCF-B5C6-A59D03E99151}
		{F2314E9A-17DA-4452-9DE2-BD52BCE3926B} = {E2EDF09C-4CA8-4B68-9461-4B1FF0092243}
		{67B86B73-25C3-48C3-8B42-20AA5921C6DA} = {E2EDF09C-4CA8-4B68-9461-4B1FF0092243}
		{0B0E2000-FCB8-46A4-B6B7-B8A75EF38B9F} = {E2EDF09C-4CA8-4B68-9461-4B1FF0092243}
		{410378AA-0616-4047-8A60-B514429F855E} = {E2EDF09C-4CA8-4B68-9461-4B1FF0092243}
		{08408826-4964-4324-8E6B-99E4280D9AA4} = {E2EDF09C-4CA8-4B68-9461-4B1FF0092243}
		{2F969A40-E905-47CE-BE0E-50135B394E24} = {CD4C50BE-ADE6-4F81-BC14-805278D7ACAC}
		{FF67F2C9-97AA-48E9-ADF8-369B931A58F3} = {6FE650EA-B401-4C83-9C41-FD7FC5D1288C}
		{72D5F61E-6633-4C69-9924-D42A60149194} = {6FE650EA-B401-4C83-9C41-FD7FC5D1288C}
		{54022F3F-FDE2-4852-859E-7923BC96086C} = {3910F58C-6DEB-4C30-8B10-B9DA74B58225}
		{A7DD74A3-ADE4-4A9E-BA2A-8916294697FF} = {0778B89C-4D53-468D-AB7A-C05D04238C05}
		{78FD41B2-26B5-4A9E-A492-FB58E8583842} = {0778B89C-4D53-468D-AB7A-C05D04238C05}
		{443680F6-148A-47C5-9AB8-6E1AC6E54D22} = {0778B89C-4D53-468D-AB7A-C05D04238C05}
		{74016C58-4AC6-4374-B866-C53E5A094CCB} = {A60DE0A8-D3F7-4BCF-B5C6-A59D03E99151}
		{90263CE2-B9AF-42B9-9874-4665CBB09817} = {0778B89C-4D53-468D-AB7A-C05D04238C05}
		{56CABF42-272C-49FD-821C-ECA39855BE93} = {EFFE7670-AD3D-4CE5-9407-397CB134899A}
		{FA98EC1C-1D70-43F3-B2FF-AFED8F33BA6E} = {EFFE7670-AD3D-4CE5-9407-397CB134899A}
		{85505632-4B91-419B-A6D2-4DC3E83718C8} = {EFFE7670-AD3D-4CE5-9407-397CB134899A}
		{1BFA1BE0-4821-489E-8EDA-EAE18B7D6DD7} = {A60DE0A8-D3F7-4BCF-B5C6-A59D03E99151}
	EndGlobalSection
	GlobalSection(ExtensibilityGlobals) = postSolution
		SolutionGuid = {6AD43C70-ADE6-43C4-A90D-F4E7CB0BD2F9}
	EndGlobalSection
EndGlobal
