
Microsoft Visual Studio Solution File, Format Version 12.00
# Visual Studio Version 17
VisualStudioVersion = 17.0.32112.339
MinimumVisualStudioVersion = 10.0.40219.1
Project("{9A19103F-16F7-4668-BE54-9A1E7A4F7556}") = "WpfApp", "src\LinuxBuild\WpfApp\WpfApp.csproj", "{5F529BCA-C6F1-49B0-93E2-59E86407EBA1}"
EndProject
Project("{9A19103F-16F7-4668-BE54-9A1E7A4F7556}") = "ClassLibrary", "src\LinuxBuild\ClassLibrary\ClassLibrary.csproj", "{3602FB28-E2E7-44AC-8D00-64BB7635143F}"
EndProject
Project("{9A19103F-16F7-4668-BE54-9A1E7A4F7556}") = "ConsoleApp", "src\LinuxBuild\ConsoleApp\ConsoleApp.csproj", "{D62013C0-7296-46E1-8D25-77486DFBC7C1}"
EndProject
Project("{9A19103F-16F7-4668-BE54-9A1E7A4F7556}") = "GrpcService", "src\LinuxBuild\GrpcService\GrpcService.csproj", "{E6C221E0-ADED-4788-8E68-4AE484FC6929}"
EndProject
Project("{9A19103F-16F7-4668-BE54-9A1E7A4F7556}") = "BlazorServerApp", "src\LinuxBuild\BlazorServerApp\BlazorServerApp.csproj", "{3347C16D-0B56-4BE8-8504-2F4AF3A56B23}"
EndProject
Project("{9A19103F-16F7-4668-BE54-9A1E7A4F7556}") = "BlazorWasmApp", "src\LinuxBuild\BlazorWasmApp\BlazorWasmApp.csproj", "{F833782D-0F46-4E0D-B19D-CCFEAA1C9A74}"
EndProject
Project("{9A19103F-16F7-4668-BE54-9A1E7A4F7556}") = "ClassLibrary.Windows", "src\LinuxBuild\ClassLibrary.Windows\ClassLibrary.Windows.csproj", "{AB660190-6A23-4DC2-9F29-E1AB9B72494E}"
EndProject
Project("{2150E333-8FDC-42A3-9474-1A3956D46DE8}") = "LinuxBuild", "LinuxBuild", "{6FE650EA-B401-4C83-9C41-FD7FC5D1288C}"
EndProject
Project("{2150E333-8FDC-42A3-9474-1A3956D46DE8}") = "Grpc", "Grpc", "{BA8C7910-6742-43BC-88A1-1D3644E1D783}"
EndProject
Project("{9A19103F-16F7-4668-BE54-9A1E7A4F7556}") = "GrpcAspNetCore60", "src\Grpc\GrpcAspNetCore60\GrpcAspNetCore60.csproj", "{D9C628DE-DD10-4477-A9FB-9C498E50B88C}"
EndProject
Project("{9A19103F-16F7-4668-BE54-9A1E7A4F7556}") = "GrpcAspNetCore60.HealthCheckSupport", "src\Grpc\GrpcAspNetCore60.HealthCheckSupport\GrpcAspNetCore60.HealthCheckSupport.csproj", "{BEF93842-11A4-45B9-B777-A3D92D9964B7}"
EndProject
Project("{2150E333-8FDC-42A3-9474-1A3956D46DE8}") = "Blazor", "Blazor", "{E7D66DF3-820D-4B2B-A7E3-18433D82C161}"
EndProject
Project("{9A19103F-16F7-4668-BE54-9A1E7A4F7556}") = "BlazorServerApp", "src\Blazor\BlazorServerApp\BlazorServerApp.csproj", "{23F8CABA-E5FE-4233-85AF-F52BA2FCF4AF}"
EndProject
Project("{9A19103F-16F7-4668-BE54-9A1E7A4F7556}") = "BlazorWasmAotApp", "src\Blazor\BlazorWasmAotApp\BlazorWasmAotApp.csproj", "{7178E068-BB3F-4F9F-8AD5-87B5367AC7FD}"
EndProject
Project("{9A19103F-16F7-4668-BE54-9A1E7A4F7556}") = "BlazorServerIPBlockApp", "src\Blazor\BlazorServerIPBlockApp\BlazorServerIPBlockApp.csproj", "{6BB151DE-0AD2-464C-A6AF-8793172EA1BE}"
EndProject
Project("{9A19103F-16F7-4668-BE54-9A1E7A4F7556}") = "SandboxConsoleApp", "src\Logic\SandboxConsoleApp\SandboxConsoleApp.csproj", "{D7E45552-E3F2-400A-83B8-CDE4D217432D}"
EndProject
Project("{2150E333-8FDC-42A3-9474-1A3956D46DE8}") = "Logger", "Logger", "{A60DE0A8-D3F7-4BCF-B5C6-A59D03E99151}"
EndProject
Project("{9A19103F-16F7-4668-BE54-9A1E7A4F7556}") = "LoggerBlazorApp", "src\Logger\LoggerBlazorApp\LoggerBlazorApp.csproj", "{3923ECD1-E9A3-4181-8383-CEE42086FFB9}"
EndProject
Project("{9A19103F-16F7-4668-BE54-9A1E7A4F7556}") = "LoggerDefault", "src\Logger\LoggerDefault\LoggerDefault.csproj", "{E64765D4-FAA6-4599-85C9-664AFFC75C6C}"
EndProject
Project("{2150E333-8FDC-42A3-9474-1A3956D46DE8}") = "Logic", "Logic", "{0778B89C-4D53-468D-AB7A-C05D04238C05}"
EndProject
Project("{2150E333-8FDC-42A3-9474-1A3956D46DE8}") = "SourceGenerator", "SourceGenerator", "{01137DDA-726D-4ACF-B2D1-9363A369288D}"
EndProject
Project("{9A19103F-16F7-4668-BE54-9A1E7A4F7556}") = "SourceGeneratorBasic", "src\SourceGenerator\SourceGeneratorBasic\SourceGeneratorBasic.csproj", "{0883FA56-3FA0-4165-B309-F6E3D6477355}"
EndProject
Project("{2150E333-8FDC-42A3-9474-1A3956D46DE8}") = "Api", "Api", "{28CE7184-F1DE-44AE-922F-965FC3AA1768}"
EndProject
Project("{9A19103F-16F7-4668-BE54-9A1E7A4F7556}") = "ApiMultiplePort", "src\Api\ApiMultiplePort\ApiMultiplePort.csproj", "{CA7B2C05-D07A-47DE-8A03-523A38FA4BB2}"
EndProject
Project("{9A19103F-16F7-4668-BE54-9A1E7A4F7556}") = "GrpcApiService", "src\Grpc\GrpcApiService\GrpcApiService.csproj", "{A2DF5486-1CA6-4077-A96F-436D6014B88C}"
EndProject
Project("{9A19103F-16F7-4668-BE54-9A1E7A4F7556}") = "SourceGeneratorBasic.ConsoleApp", "src\SourceGenerator\SourceGeneratorBasic.ConsoleApp\SourceGeneratorBasic.ConsoleApp.csproj", "{CCF7D2AA-BC99-4340-AFF9-C272277E6BB6}"
EndProject
Project("{FAE04EC0-301F-11D3-BF4B-00C04F79EFBC}") = "SourceGeneratorBasic.Testing.Tests", "src\SourceGenerator\SourceGeneratorBasic.Testing.Tests\SourceGeneratorBasic.Testing.Tests.csproj", "{9882F8D7-A5E5-468F-B013-F849041C7081}"
EndProject
Global
	GlobalSection(SolutionConfigurationPlatforms) = preSolution
		Debug|Any CPU = Debug|Any CPU
		Release|Any CPU = Release|Any CPU
	EndGlobalSection
	GlobalSection(ProjectConfigurationPlatforms) = postSolution
		{5F529BCA-C6F1-49B0-93E2-59E86407EBA1}.Debug|Any CPU.ActiveCfg = Debug|Any CPU
		{5F529BCA-C6F1-49B0-93E2-59E86407EBA1}.Debug|Any CPU.Build.0 = Debug|Any CPU
		{5F529BCA-C6F1-49B0-93E2-59E86407EBA1}.Release|Any CPU.ActiveCfg = Release|Any CPU
		{5F529BCA-C6F1-49B0-93E2-59E86407EBA1}.Release|Any CPU.Build.0 = Release|Any CPU
		{3602FB28-E2E7-44AC-8D00-64BB7635143F}.Debug|Any CPU.ActiveCfg = Debug|Any CPU
		{3602FB28-E2E7-44AC-8D00-64BB7635143F}.Debug|Any CPU.Build.0 = Debug|Any CPU
		{3602FB28-E2E7-44AC-8D00-64BB7635143F}.Release|Any CPU.ActiveCfg = Release|Any CPU
		{3602FB28-E2E7-44AC-8D00-64BB7635143F}.Release|Any CPU.Build.0 = Release|Any CPU
		{D62013C0-7296-46E1-8D25-77486DFBC7C1}.Debug|Any CPU.ActiveCfg = Debug|Any CPU
		{D62013C0-7296-46E1-8D25-77486DFBC7C1}.Debug|Any CPU.Build.0 = Debug|Any CPU
		{D62013C0-7296-46E1-8D25-77486DFBC7C1}.Release|Any CPU.ActiveCfg = Release|Any CPU
		{D62013C0-7296-46E1-8D25-77486DFBC7C1}.Release|Any CPU.Build.0 = Release|Any CPU
		{E6C221E0-ADED-4788-8E68-4AE484FC6929}.Debug|Any CPU.ActiveCfg = Debug|Any CPU
		{E6C221E0-ADED-4788-8E68-4AE484FC6929}.Debug|Any CPU.Build.0 = Debug|Any CPU
		{E6C221E0-ADED-4788-8E68-4AE484FC6929}.Release|Any CPU.ActiveCfg = Release|Any CPU
		{E6C221E0-ADED-4788-8E68-4AE484FC6929}.Release|Any CPU.Build.0 = Release|Any CPU
		{3347C16D-0B56-4BE8-8504-2F4AF3A56B23}.Debug|Any CPU.ActiveCfg = Debug|Any CPU
		{3347C16D-0B56-4BE8-8504-2F4AF3A56B23}.Debug|Any CPU.Build.0 = Debug|Any CPU
		{3347C16D-0B56-4BE8-8504-2F4AF3A56B23}.Release|Any CPU.ActiveCfg = Release|Any CPU
		{3347C16D-0B56-4BE8-8504-2F4AF3A56B23}.Release|Any CPU.Build.0 = Release|Any CPU
		{F833782D-0F46-4E0D-B19D-CCFEAA1C9A74}.Debug|Any CPU.ActiveCfg = Debug|Any CPU
		{F833782D-0F46-4E0D-B19D-CCFEAA1C9A74}.Debug|Any CPU.Build.0 = Debug|Any CPU
		{F833782D-0F46-4E0D-B19D-CCFEAA1C9A74}.Release|Any CPU.ActiveCfg = Release|Any CPU
		{F833782D-0F46-4E0D-B19D-CCFEAA1C9A74}.Release|Any CPU.Build.0 = Release|Any CPU
		{AB660190-6A23-4DC2-9F29-E1AB9B72494E}.Debug|Any CPU.ActiveCfg = Debug|Any CPU
		{AB660190-6A23-4DC2-9F29-E1AB9B72494E}.Debug|Any CPU.Build.0 = Debug|Any CPU
		{AB660190-6A23-4DC2-9F29-E1AB9B72494E}.Release|Any CPU.ActiveCfg = Release|Any CPU
		{AB660190-6A23-4DC2-9F29-E1AB9B72494E}.Release|Any CPU.Build.0 = Release|Any CPU
		{D9C628DE-DD10-4477-A9FB-9C498E50B88C}.Debug|Any CPU.ActiveCfg = Debug|Any CPU
		{D9C628DE-DD10-4477-A9FB-9C498E50B88C}.Debug|Any CPU.Build.0 = Debug|Any CPU
		{D9C628DE-DD10-4477-A9FB-9C498E50B88C}.Release|Any CPU.ActiveCfg = Release|Any CPU
		{D9C628DE-DD10-4477-A9FB-9C498E50B88C}.Release|Any CPU.Build.0 = Release|Any CPU
		{BEF93842-11A4-45B9-B777-A3D92D9964B7}.Debug|Any CPU.ActiveCfg = Debug|Any CPU
		{BEF93842-11A4-45B9-B777-A3D92D9964B7}.Debug|Any CPU.Build.0 = Debug|Any CPU
		{BEF93842-11A4-45B9-B777-A3D92D9964B7}.Release|Any CPU.ActiveCfg = Release|Any CPU
		{BEF93842-11A4-45B9-B777-A3D92D9964B7}.Release|Any CPU.Build.0 = Release|Any CPU
		{23F8CABA-E5FE-4233-85AF-F52BA2FCF4AF}.Debug|Any CPU.ActiveCfg = Debug|Any CPU
		{23F8CABA-E5FE-4233-85AF-F52BA2FCF4AF}.Debug|Any CPU.Build.0 = Debug|Any CPU
		{23F8CABA-E5FE-4233-85AF-F52BA2FCF4AF}.Release|Any CPU.ActiveCfg = Release|Any CPU
		{23F8CABA-E5FE-4233-85AF-F52BA2FCF4AF}.Release|Any CPU.Build.0 = Release|Any CPU
		{7178E068-BB3F-4F9F-8AD5-87B5367AC7FD}.Debug|Any CPU.ActiveCfg = Debug|Any CPU
		{7178E068-BB3F-4F9F-8AD5-87B5367AC7FD}.Debug|Any CPU.Build.0 = Debug|Any CPU
		{7178E068-BB3F-4F9F-8AD5-87B5367AC7FD}.Release|Any CPU.ActiveCfg = Release|Any CPU
		{7178E068-BB3F-4F9F-8AD5-87B5367AC7FD}.Release|Any CPU.Build.0 = Release|Any CPU
		{6BB151DE-0AD2-464C-A6AF-8793172EA1BE}.Debug|Any CPU.ActiveCfg = Debug|Any CPU
		{6BB151DE-0AD2-464C-A6AF-8793172EA1BE}.Debug|Any CPU.Build.0 = Debug|Any CPU
		{6BB151DE-0AD2-464C-A6AF-8793172EA1BE}.Release|Any CPU.ActiveCfg = Release|Any CPU
		{6BB151DE-0AD2-464C-A6AF-8793172EA1BE}.Release|Any CPU.Build.0 = Release|Any CPU
		{D7E45552-E3F2-400A-83B8-CDE4D217432D}.Debug|Any CPU.ActiveCfg = Debug|Any CPU
		{D7E45552-E3F2-400A-83B8-CDE4D217432D}.Debug|Any CPU.Build.0 = Debug|Any CPU
		{D7E45552-E3F2-400A-83B8-CDE4D217432D}.Release|Any CPU.ActiveCfg = Release|Any CPU
		{D7E45552-E3F2-400A-83B8-CDE4D217432D}.Release|Any CPU.Build.0 = Release|Any CPU
		{3923ECD1-E9A3-4181-8383-CEE42086FFB9}.Debug|Any CPU.ActiveCfg = Debug|Any CPU
		{3923ECD1-E9A3-4181-8383-CEE42086FFB9}.Debug|Any CPU.Build.0 = Debug|Any CPU
		{3923ECD1-E9A3-4181-8383-CEE42086FFB9}.Release|Any CPU.ActiveCfg = Release|Any CPU
		{3923ECD1-E9A3-4181-8383-CEE42086FFB9}.Release|Any CPU.Build.0 = Release|Any CPU
		{E64765D4-FAA6-4599-85C9-664AFFC75C6C}.Debug|Any CPU.ActiveCfg = Debug|Any CPU
		{E64765D4-FAA6-4599-85C9-664AFFC75C6C}.Debug|Any CPU.Build.0 = Debug|Any CPU
		{E64765D4-FAA6-4599-85C9-664AFFC75C6C}.Release|Any CPU.ActiveCfg = Release|Any CPU
		{E64765D4-FAA6-4599-85C9-664AFFC75C6C}.Release|Any CPU.Build.0 = Release|Any CPU
		{0883FA56-3FA0-4165-B309-F6E3D6477355}.Debug|Any CPU.ActiveCfg = Debug|Any CPU
		{0883FA56-3FA0-4165-B309-F6E3D6477355}.Debug|Any CPU.Build.0 = Debug|Any CPU
		{0883FA56-3FA0-4165-B309-F6E3D6477355}.Release|Any CPU.ActiveCfg = Release|Any CPU
		{0883FA56-3FA0-4165-B309-F6E3D6477355}.Release|Any CPU.Build.0 = Release|Any CPU
		{CA7B2C05-D07A-47DE-8A03-523A38FA4BB2}.Debug|Any CPU.ActiveCfg = Debug|Any CPU
		{CA7B2C05-D07A-47DE-8A03-523A38FA4BB2}.Debug|Any CPU.Build.0 = Debug|Any CPU
		{CA7B2C05-D07A-47DE-8A03-523A38FA4BB2}.Release|Any CPU.ActiveCfg = Release|Any CPU
		{CA7B2C05-D07A-47DE-8A03-523A38FA4BB2}.Release|Any CPU.Build.0 = Release|Any CPU
		{A2DF5486-1CA6-4077-A96F-436D6014B88C}.Debug|Any CPU.ActiveCfg = Debug|Any CPU
		{A2DF5486-1CA6-4077-A96F-436D6014B88C}.Debug|Any CPU.Build.0 = Debug|Any CPU
		{A2DF5486-1CA6-4077-A96F-436D6014B88C}.Release|Any CPU.ActiveCfg = Release|Any CPU
		{A2DF5486-1CA6-4077-A96F-436D6014B88C}.Release|Any CPU.Build.0 = Release|Any CPU
		{CCF7D2AA-BC99-4340-AFF9-C272277E6BB6}.Debug|Any CPU.ActiveCfg = Debug|Any CPU
		{CCF7D2AA-BC99-4340-AFF9-C272277E6BB6}.Debug|Any CPU.Build.0 = Debug|Any CPU
		{CCF7D2AA-BC99-4340-AFF9-C272277E6BB6}.Release|Any CPU.ActiveCfg = Release|Any CPU
		{CCF7D2AA-BC99-4340-AFF9-C272277E6BB6}.Release|Any CPU.Build.0 = Release|Any CPU
		{9882F8D7-A5E5-468F-B013-F849041C7081}.Debug|Any CPU.ActiveCfg = Debug|Any CPU
		{9882F8D7-A5E5-468F-B013-F849041C7081}.Debug|Any CPU.Build.0 = Debug|Any CPU
		{9882F8D7-A5E5-468F-B013-F849041C7081}.Release|Any CPU.ActiveCfg = Release|Any CPU
		{9882F8D7-A5E5-468F-B013-F849041C7081}.Release|Any CPU.Build.0 = Release|Any CPU
	EndGlobalSection
	GlobalSection(SolutionProperties) = preSolution
		HideSolutionNode = FALSE
	EndGlobalSection
	GlobalSection(NestedProjects) = preSolution
		{5F529BCA-C6F1-49B0-93E2-59E86407EBA1} = {6FE650EA-B401-4C83-9C41-FD7FC5D1288C}
		{3602FB28-E2E7-44AC-8D00-64BB7635143F} = {6FE650EA-B401-4C83-9C41-FD7FC5D1288C}
		{D62013C0-7296-46E1-8D25-77486DFBC7C1} = {6FE650EA-B401-4C83-9C41-FD7FC5D1288C}
		{E6C221E0-ADED-4788-8E68-4AE484FC6929} = {6FE650EA-B401-4C83-9C41-FD7FC5D1288C}
		{3347C16D-0B56-4BE8-8504-2F4AF3A56B23} = {6FE650EA-B401-4C83-9C41-FD7FC5D1288C}
		{F833782D-0F46-4E0D-B19D-CCFEAA1C9A74} = {6FE650EA-B401-4C83-9C41-FD7FC5D1288C}
		{AB660190-6A23-4DC2-9F29-E1AB9B72494E} = {6FE650EA-B401-4C83-9C41-FD7FC5D1288C}
		{D9C628DE-DD10-4477-A9FB-9C498E50B88C} = {BA8C7910-6742-43BC-88A1-1D3644E1D783}
		{BEF93842-11A4-45B9-B777-A3D92D9964B7} = {BA8C7910-6742-43BC-88A1-1D3644E1D783}
		{23F8CABA-E5FE-4233-85AF-F52BA2FCF4AF} = {E7D66DF3-820D-4B2B-A7E3-18433D82C161}
		{7178E068-BB3F-4F9F-8AD5-87B5367AC7FD} = {E7D66DF3-820D-4B2B-A7E3-18433D82C161}
		{6BB151DE-0AD2-464C-A6AF-8793172EA1BE} = {E7D66DF3-820D-4B2B-A7E3-18433D82C161}
		{D7E45552-E3F2-400A-83B8-CDE4D217432D} = {0778B89C-4D53-468D-AB7A-C05D04238C05}
		{3923ECD1-E9A3-4181-8383-CEE42086FFB9} = {A60DE0A8-D3F7-4BCF-B5C6-A59D03E99151}
		{E64765D4-FAA6-4599-85C9-664AFFC75C6C} = {A60DE0A8-D3F7-4BCF-B5C6-A59D03E99151}
		{0883FA56-3FA0-4165-B309-F6E3D6477355} = {01137DDA-726D-4ACF-B2D1-9363A369288D}
		{CA7B2C05-D07A-47DE-8A03-523A38FA4BB2} = {28CE7184-F1DE-44AE-922F-965FC3AA1768}
		{A2DF5486-1CA6-4077-A96F-436D6014B88C} = {BA8C7910-6742-43BC-88A1-1D3644E1D783}
		{CCF7D2AA-BC99-4340-AFF9-C272277E6BB6} = {01137DDA-726D-4ACF-B2D1-9363A369288D}
		{9882F8D7-A5E5-468F-B013-F849041C7081} = {01137DDA-726D-4ACF-B2D1-9363A369288D}
	EndGlobalSection
	GlobalSection(ExtensibilityGlobals) = postSolution
		SolutionGuid = {6AD43C70-ADE6-43C4-A90D-F4E7CB0BD2F9}
	EndGlobalSection
EndGlobal
